{
  "name": "example",
  "version": "1.0.0",
  "lockfileVersion": 2,
  "requires": true,
  "packages": {
    "": {
      "name": "example",
      "version": "1.0.0",
      "license": "ISC",
      "dependencies": {
        "inatatsu-test-module": "^1.0.0"
      }
    },
    "node_modules/emoji-regex": {
      "version": "10.1.0",
      "resolved": "https://registry.npmjs.org/emoji-regex/-/emoji-regex-10.1.0.tgz",
      "integrity": "sha512-xAEnNCT3w2Tg6MA7ly6QqYJvEoY1tm9iIjJ3yMKK9JPlWuRHAMoe5iETwQnx3M9TVbFMfsrBgWKR+IsmswwNjg=="
    },
    "node_modules/figlet": {
      "version": "1.5.2",
      "resolved": "https://registry.npmjs.org/figlet/-/figlet-1.5.2.tgz",
      "integrity": "sha512-WOn21V8AhyE1QqVfPIVxe3tupJacq1xGkPTB4iagT6o+P2cAgEOOwIxMftr4+ZCTI6d551ij9j61DFr0nsP2uQ==",
      "engines": {
        "node": ">= 0.4.0"
      }
    },
    "node_modules/inatatsu-test-module": {
      "version": "1.0.0",
      "resolved": "https://registry.npmjs.org/inatatsu-test-module/-/inatatsu-test-module-1.0.0.tgz",
      "integrity": "sha512-vh/y4dcQ7wsbmF2yR2Ve4yEbzSrPZKD7LYrKVyfsHRFzfL41jKZyjsnn4Z6RI16u8dWfawY7T40Ex8ogbAGTww==",
      "dependencies": {
        "emoji-regex": "^10.1.0",
        "figlet": "^1.5.2"
      }
    }
  },
  "dependencies": {
    "emoji-regex": {
      "version": "10.1.0",
      "resolved": "https://registry.npmjs.org/emoji-regex/-/emoji-regex-10.1.0.tgz",
      "integrity": "sha512-xAEnNCT3w2Tg6MA7ly6QqYJvEoY1tm9iIjJ3yMKK9JPlWuRHAMoe5iETwQnx3M9TVbFMfsrBgWKR+IsmswwNjg=="
    },
    "figlet": {
      "version": "1.5.2",
      "resolved": "https://registry.npmjs.org/figlet/-/figlet-1.5.2.tgz",
      "integrity": "sha512-WOn21V8AhyE1QqVfPIVxe3tupJacq1xGkPTB4iagT6o+P2cAgEOOwIxMftr4+ZCTI6d551ij9j61DFr0nsP2uQ=="
    },
    "inatatsu-test-module": {
      "version": "1.0.0",
      "resolved": "https://registry.npmjs.org/inatatsu-test-module/-/inatatsu-test-module-1.0.0.tgz",
      "integrity": "sha512-vh/y4dcQ7wsbmF2yR2Ve4yEbzSrPZKD7LYrKVyfsHRFzfL41jKZyjsnn4Z6RI16u8dWfawY7T40Ex8ogbAGTww==",
      "requires": {
        "emoji-regex": "^10.1.0",
        "figlet": "^1.5.2"
      }
    }
  }
}
